<?xml version="1.0" encoding="utf-8"?>
<Project ToolsVersion="4.0" xmlns="http://schemas.microsoft.com/developer/msbuild/2003">
  <ItemGroup>
    <Filter Include="Source Files">
      <UniqueIdentifier>{90df6911-78f1-4a48-90cf-5febccc9f348}</UniqueIdentifier>
      <Extensions>cpp;c;cxx;rc;def;r;odl;idl;hpj;bat</Extensions>
    </Filter>
    <Filter Include="Header Files">
      <UniqueIdentifier>{a6fc582e-28f9-4d39-81f7-a6d140d207af}</UniqueIdentifier>
      <Extensions>h;hpp;hxx;hm;inl</Extensions>
    </Filter>
    <Filter Include="Resource Files">
      <UniqueIdentifier>{3a120016-85be-49e2-bc73-31dac615ea98}</UniqueIdentifier>
      <Extensions>ico;cur;bmp;dlg;rc2;rct;bin;rgs;gif;jpg;jpeg;jpe</Extensions>
    </Filter>
  </ItemGroup>
  <ItemGroup>
    <ClCompile Include="3DMeterCtrl.cpp">
      <Filter>Source Files</Filter>
    </ClCompile>
    <ClCompile Include="filters.c">
      <Filter>Source Files</Filter>
    </ClCompile>
    <ClCompile Include="Fourier.cpp">
      <Filter>Source Files</Filter>
    </ClCompile>
    <ClCompile Include="LedButton.cpp">
      <Filter>Source Files</Filter>
    </ClCompile>
    <ClCompile Include="OScopeCtrl.cpp">
      <Filter>Source Files</Filter>
    </ClCompile>
    <ClCompile Include="SpectrumGraph.cpp">
      <Filter>Source Files</Filter>
    </ClCompile>
    <ClCompile Include="StdAfx.cpp">
      <Filter>Source Files</Filter>
    </ClCompile>
    <ClCompile Include="wfgui.cpp">
      <Filter>Source Files</Filter>
    </ClCompile>
    <ClCompile Include="wfguiDlg.cpp">
      <Filter>Source Files</Filter>
    </ClCompile>
  </ItemGroup>
  <ItemGroup>
    <ResourceCompile Include="wfgui.rc">
      <Filter>Source Files</Filter>
    </ResourceCompile>
  </ItemGroup>
  <ItemGroup>
    <ClInclude Include="3DMeterCtrl.h">
      <Filter>Header Files</Filter>
    </ClInclude>
    <ClInclude Include="Fourier.h">
      <Filter>Header Files</Filter>
    </ClInclude>
    <ClInclude Include="OScopeCtrl.h">
      <Filter>Header Files</Filter>
    </ClInclude>
    <ClInclude Include="Resource.h">
      <Filter>Header Files</Filter>
    </ClInclude>
    <ClInclude Include="StdAfx.h">
      <Filter>Header Files</Filter>
    </ClInclude>
    <ClInclude Include="wfgui.h">
      <Filter>Header Files</Filter>
    </ClInclude>
    <ClInclude Include="wfguiDlg.h">
      <Filter>Header Files</Filter>
    </ClInclude>
  </ItemGroup>
  <ItemGroup>
    <Image Include="res\greenButton.bmp">
      <Filter>Resource Files</Filter>
    </Image>
    <Image Include="..\..\..\hardware\tape.bmp">
      <Filter>Resource Files</Filter>
    </Image>
    <Image Include="res\tape.ico">
      <Filter>Resource Files</Filter>
    </Image>
    <Image Include="res\wfgui.ico">
      <Filter>Resource Files</Filter>
    </Image>
  </ItemGroup>
  <ItemGroup>
    <None Include="res\wfgui.rc2">
      <Filter>Resource Files</Filter>
    </None>
  </ItemGroup>
  <ItemGroup>
    <Text Include="ReadMe.txt" />
  </ItemGroup>
</Project>